Microsoft Visual Studio Solution File, Format Version 12.00
# Visual Studio Version 17
VisualStudioVersion = 17.11.35312.102
MinimumVisualStudioVersion = 10.0.40219.1
Project("{FAE04EC0-301F-11D3-BF4B-00C04F79EFBC}") = "Controller_v2", "Controller_v2\Controller_v2.csproj", "{49B20DF4-AF8F-055E-BB20-3D9CC7907D98}"
EndProject
Project("{FAE04EC0-301F-11D3-BF4B-00C04F79EFBC}") = "Controller_v2.Desktop", "Controller_v2.Desktop\Controller_v2.Desktop.csproj", "{379DF729-47E5-FAD3-2095-695A2DBAEB15}"
EndProject
Project("{FAE04EC0-301F-11D3-BF4B-00C04F79EFBC}") = "Controller", "Controller\Controller.csproj", "{AC4BD14F-8B82-7C93-5EFB-AC55D1926607}"
EndProject
Project("{54435603-DBB4-11D2-8724-00A0C9A8B90C}") = "Installer", "Installer\Installer.vdproj", "{52B20422-474D-5734-629F-99A1F7DE9787}"
EndProject
Project("{FAE04EC0-301F-11D3-BF4B-00C04F79EFBC}") = "Controller.Windows", "Controller.Windows\Controller.Windows.csproj", "{90B9E0EE-23B9-4C42-9B04-025EF41102B8}"
EndProject
Global
	GlobalSection(SolutionConfigurationPlatforms) = preSolution
		Debug|Any CPU = Debug|Any CPU
		Release|Any CPU = Release|Any CPU
	EndGlobalSection
	GlobalSection(ProjectConfigurationPlatforms) = postSolution
		{49B20DF4-AF8F-055E-BB20-3D9CC7907D98}.Debug|Any CPU.ActiveCfg = Debug|Any CPU
		{49B20DF4-AF8F-055E-BB20-3D9CC7907D98}.Debug|Any CPU.Build.0 = Debug|Any CPU
		{49B20DF4-AF8F-055E-BB20-3D9CC7907D98}.Release|Any CPU.ActiveCfg = Release|Any CPU
		{49B20DF4-AF8F-055E-BB20-3D9CC7907D98}.Release|Any CPU.Build.0 = Release|Any CPU
		{379DF729-47E5-FAD3-2095-695A2DBAEB15}.Debug|Any CPU.ActiveCfg = Debug|Any CPU
		{379DF729-47E5-FAD3-2095-695A2DBAEB15}.Debug|Any CPU.Build.0 = Debug|Any CPU
		{379DF729-47E5-FAD3-2095-695A2DBAEB15}.Release|Any CPU.ActiveCfg = Release|Any CPU
		{379DF729-47E5-FAD3-2095-695A2DBAEB15}.Release|Any CPU.Build.0 = Release|Any CPU
		{AC4BD14F-8B82-7C93-5EFB-AC55D1926607}.Debug|Any CPU.ActiveCfg = Debug|Any CPU
		{AC4BD14F-8B82-7C93-5EFB-AC55D1926607}.Debug|Any CPU.Build.0 = Debug|Any CPU
		{AC4BD14F-8B82-7C93-5EFB-AC55D1926607}.Release|Any CPU.ActiveCfg = Release|Any CPU
		{AC4BD14F-8B82-7C93-5EFB-AC55D1926607}.Release|Any CPU.Build.0 = Release|Any CPU
		{52B20422-474D-5734-629F-99A1F7DE9787}.Debug|Any CPU.ActiveCfg = Debug
		{52B20422-474D-5734-629F-99A1F7DE9787}.Release|Any CPU.ActiveCfg = Release
		{90B9E0EE-23B9-4C42-9B04-025EF41102B8}.Debug|Any CPU.ActiveCfg = Debug|Any CPU
		{90B9E0EE-23B9-4C42-9B04-025EF41102B8}.Debug|Any CPU.Build.0 = Debug|Any CPU
		{90B9E0EE-23B9-4C42-9B04-025EF41102B8}.Release|Any CPU.ActiveCfg = Release|Any CPU
		{90B9E0EE-23B9-4C42-9B04-025EF41102B8}.Release|Any CPU.Build.0 = Release|Any CPU
	EndGlobalSection
	GlobalSection(SolutionProperties) = preSolution
		HideSolutionNode = FALSE
	EndGlobalSection
	GlobalSection(ExtensibilityGlobals) = postSolution
		SolutionGuid = {316A9940-7F54-48E2-9C24-167EFC17111F}
	EndGlobalSection
EndGlobal
