
Microsoft Visual Studio Solution File, Format Version 12.00
# Visual Studio Version 16
VisualStudioVersion = 16.0.29509.3
MinimumVisualStudioVersion = 10.0.40219.1
Project("{FAE04EC0-301F-11D3-BF4B-00C04F79EFBC}") = "Controller", "Controller\Controller.csproj", "{0632BC65-22D0-423A-B2D8-C7346A5947D5}"
	ProjectSection(ProjectDependencies) = postProject
		{A2C3ACF0-E5ED-4C89-8125-64E7268B3F4B} = {A2C3ACF0-E5ED-4C89-8125-64E7268B3F4B}
	EndProjectSection
EndProject
Project("{FAE04EC0-301F-11D3-BF4B-00C04F79EFBC}") = "Overlay", "Overlay\Overlay.csproj", "{A2C3ACF0-E5ED-4C89-8125-64E7268B3F4B}"
EndProject
Project("{FAE04EC0-301F-11D3-BF4B-00C04F79EFBC}") = "Overlay.NET", "Overlay.NET\Overlay.NET.csproj", "{2D411EA5-BC00-4630-B25E-43C554323E72}"
EndProject
Global
	GlobalSection(SolutionConfigurationPlatforms) = preSolution
		Debug|Any CPU = Debug|Any CPU
		Release|Any CPU = Release|Any CPU
	EndGlobalSection
	GlobalSection(ProjectConfigurationPlatforms) = postSolution
		{0632BC65-22D0-423A-B2D8-C7346A5947D5}.Debug|Any CPU.ActiveCfg = Debug|Any CPU
		{0632BC65-22D0-423A-B2D8-C7346A5947D5}.Debug|Any CPU.Build.0 = Debug|Any CPU
		{0632BC65-22D0-423A-B2D8-C7346A5947D5}.Release|Any CPU.ActiveCfg = Release|Any CPU
		{0632BC65-22D0-423A-B2D8-C7346A5947D5}.Release|Any CPU.Build.0 = Release|Any CPU
		{A2C3ACF0-E5ED-4C89-8125-64E7268B3F4B}.Debug|Any CPU.ActiveCfg = Debug|Any CPU
		{A2C3ACF0-E5ED-4C89-8125-64E7268B3F4B}.Debug|Any CPU.Build.0 = Debug|Any CPU
		{A2C3ACF0-E5ED-4C89-8125-64E7268B3F4B}.Release|Any CPU.ActiveCfg = Release|Any CPU
		{A2C3ACF0-E5ED-4C89-8125-64E7268B3F4B}.Release|Any CPU.Build.0 = Release|Any CPU
		{2D411EA5-BC00-4630-B25E-43C554323E72}.Debug|Any CPU.ActiveCfg = Debug|Any CPU
		{2D411EA5-BC00-4630-B25E-43C554323E72}.Debug|Any CPU.Build.0 = Debug|Any CPU
		{2D411EA5-BC00-4630-B25E-43C554323E72}.Release|Any CPU.ActiveCfg = Release|Any CPU
		{2D411EA5-BC00-4630-B25E-43C554323E72}.Release|Any CPU.Build.0 = Release|Any CPU
	EndGlobalSection
	GlobalSection(SolutionProperties) = preSolution
		HideSolutionNode = FALSE
	EndGlobalSection
	GlobalSection(ExtensibilityGlobals) = postSolution
		SolutionGuid = {316A9940-7F54-48E2-9C24-167EFC17111F}
	EndGlobalSection
EndGlobal
