Microsoft Visual Studio Solution File, Format Version 12.00
# Visual Studio Version 17
VisualStudioVersion = 17.11.35312.102
MinimumVisualStudioVersion = 10.0.40219.1
Project("{9A19103F-16F7-4668-BE54-9A1E7A4F7556}") = "Controller", "Controller\Controller.csproj", "{0632BC65-22D0-423A-B2D8-C7346A5947D5}"
EndProject
Project("{54435603-DBB4-11D2-8724-00A0C9A8B90C}") = "Setup", "Setup\Setup.vdproj", "{267BCF15-4E3E-48A0-845C-695E9312DFE8}"
EndProject
Global
	GlobalSection(SolutionConfigurationPlatforms) = preSolution
		Debug|Any CPU = Debug|Any CPU
		Release|Any CPU = Release|Any CPU
	EndGlobalSection
	GlobalSection(ProjectConfigurationPlatforms) = postSolution
		{0632BC65-22D0-423A-B2D8-C7346A5947D5}.Debug|Any CPU.ActiveCfg = Debug|Any CPU
		{0632BC65-22D0-423A-B2D8-C7346A5947D5}.Debug|Any CPU.Build.0 = Debug|Any CPU
		{0632BC65-22D0-423A-B2D8-C7346A5947D5}.Release|Any CPU.ActiveCfg = Release|Any CPU
		{0632BC65-22D0-423A-B2D8-C7346A5947D5}.Release|Any CPU.Build.0 = Release|Any CPU
		{267BCF15-4E3E-48A0-845C-695E9312DFE8}.Debug|Any CPU.ActiveCfg = Debug
		{267BCF15-4E3E-48A0-845C-695E9312DFE8}.Release|Any CPU.ActiveCfg = Release
	EndGlobalSection
	GlobalSection(SolutionProperties) = preSolution
		HideSolutionNode = FALSE
	EndGlobalSection
	GlobalSection(ExtensibilityGlobals) = postSolution
		SolutionGuid = {316A9940-7F54-48E2-9C24-167EFC17111F}
	EndGlobalSection
EndGlobal
